// !$*UTF8*$!
{
	archiveVersion = 1;
	classes = {
	};
	objectVersion = 46;
	objects = {

/* Begin PBXBuildFile section */
		5BB2D7A21A03E4CB00D1111E /* AppDelegate.swift in Sources */ = {isa = PBXBuildFile; fileRef = 5BB2D7A11A03E4CB00D1111E /* AppDelegate.swift */; };
		5BB2D7A41A03E4CB00D1111E /* ViewController.swift in Sources */ = {isa = PBXBuildFile; fileRef = 5BB2D7A31A03E4CB00D1111E /* ViewController.swift */; };
		5BB2D7A71A03E4CB00D1111E /* Main.storyboard in Resources */ = {isa = PBXBuildFile; fileRef = 5BB2D7A51A03E4CB00D1111E /* Main.storyboard */; };
		5BB2D7A91A03E4CB00D1111E /* Images.xcassets in Resources */ = {isa = PBXBuildFile; fileRef = 5BB2D7A81A03E4CB00D1111E /* Images.xcassets */; };
		5BB2D7AC1A03E4CB00D1111E /* LaunchScreen.xib in Resources */ = {isa = PBXBuildFile; fileRef = 5BB2D7AA1A03E4CB00D1111E /* LaunchScreen.xib */; };
		5BB2D7B81A03E4CB00D1111E /* PhotoFilterTests.swift in Sources */ = {isa = PBXBuildFile; fileRef = 5BB2D7B71A03E4CB00D1111E /* PhotoFilterTests.swift */; };
/* End PBXBuildFile section */

/* Begin PBXContainerItemProxy section */
		5BB2D7B21A03E4CB00D1111E /* PBXContainerItemProxy */ = {
			isa = PBXContainerItemProxy;
			containerPortal = 5BB2D7941A03E4CB00D1111E /* Project object */;
			proxyType = 1;
			remoteGlobalIDString = 5BB2D79B1A03E4CB00D1111E;
			remoteInfo = PhotoFilter;
		};
/* End PBXContainerItemProxy section */

/* Begin PBXFileReference section */
		5BB2D79C1A03E4CB00D1111E /* PhotoFilter.app */ = {isa = PBXFileReference; explicitFileType = wrapper.application; includeInIndex = 0; path = PhotoFilter.app; sourceTree = BUILT_PRODUCTS_DIR; };
		5BB2D7A01A03E4CB00D1111E /* Info.plist */ = {isa = PBXFileReference; lastKnownFileType = text.plist.xml; path = Info.plist; sourceTree = "<group>"; };
		5BB2D7A11A03E4CB00D1111E /* AppDelegate.swift */ = {isa = PBXFileReference; lastKnownFileType = sourcecode.swift; path = AppDelegate.swift; sourceTree = "<group>"; };
		5BB2D7A31A03E4CB00D1111E /* ViewController.swift */ = {isa = PBXFileReference; lastKnownFileType = sourcecode.swift; path = ViewController.swift; sourceTree = "<group>"; };
		5BB2D7A61A03E4CB00D1111E /* Base */ = {isa = PBXFileReference; lastKnownFileType = file.storyboard; name = Base; path = Base.lproj/Main.storyboard; sourceTree = "<group>"; };
		5BB2D7A81A03E4CB00D1111E /* Images.xcassets */ = {isa = PBXFileReference; lastKnownFileType = folder.assetcatalog; path = Images.xcassets; sourceTree = "<group>"; };
		5BB2D7AB1A03E4CB00D1111E /* Base */ = {isa = PBXFileReference; lastKnownFileType = file.xib; name = Base; path = Base.lproj/LaunchScreen.xib; sourceTree = "<group>"; };
		5BB2D7B11A03E4CB00D1111E /* PhotoFilterTests.xctest */ = {isa = PBXFileReference; explicitFileType = wrapper.cfbundle; includeInIndex = 0; path = PhotoFilterTests.xctest; sourceTree = BUILT_PRODUCTS_DIR; };
		5BB2D7B61A03E4CB00D1111E /* Info.plist */ = {isa = PBXFileReference; lastKnownFileType = text.plist.xml; path = Info.plist; sourceTree = "<group>"; };
		5BB2D7B71A03E4CB00D1111E /* PhotoFilterTests.swift */ = {isa = PBXFileReference; lastKnownFileType = sourcecode.swift; path = PhotoFilterTests.swift; sourceTree = "<group>"; };
/* End PBXFileReference section */

/* Begin PBXFrameworksBuildPhase section */
		5BB2D7991A03E4CB00D1111E /* Frameworks */ = {
			isa = PBXFrameworksBuildPhase;
			buildActionMask = 2147483647;
			files = (
			);
			runOnlyForDeploymentPostprocessing = 0;
		};
		5BB2D7AE1A03E4CB00D1111E /* Frameworks */ = {
			isa = PBXFrameworksBuildPhase;
			buildActionMask = 2147483647;
			files = (
			);
			runOnlyForDeploymentPostprocessing = 0;
		};
/* End PBXFrameworksBuildPhase section */

/* Begin PBXGroup section */
		5BB2D7931A03E4CB00D1111E = {
			isa = PBXGroup;
			children = (
				5BB2D79E1A03E4CB00D1111E /* PhotoFilter */,
				5BB2D7B41A03E4CB00D1111E /* PhotoFilterTests */,
				5BB2D79D1A03E4CB00D1111E /* Products */,
			);
			sourceTree = "<group>";
		};
		5BB2D79D1A03E4CB00D1111E /* Products */ = {
			isa = PBXGroup;
			children = (
				5BB2D79C1A03E4CB00D1111E /* PhotoFilter.app */,
				5BB2D7B11A03E4CB00D1111E /* PhotoFilterTests.xctest */,
			);
			name = Products;
			sourceTree = "<group>";
		};
		5BB2D79E1A03E4CB00D1111E /* PhotoFilter */ = {
			isa = PBXGroup;
			children = (
				5BB2D7A11A03E4CB00D1111E /* AppDelegate.swift */,
				5BB2D7A31A03E4CB00D1111E /* ViewController.swift */,
				5BB2D7A51A03E4CB00D1111E /* Main.storyboard */,
				5BB2D7A81A03E4CB00D1111E /* Images.xcassets */,
				5BB2D7AA1A03E4CB00D1111E /* LaunchScreen.xib */,
				5BB2D79F1A03E4CB00D1111E /* Supporting Files */,
			);
			path = PhotoFilter;
			sourceTree = "<group>";
		};
		5BB2D79F1A03E4CB00D1111E /* Supporting Files */ = {
			isa = PBXGroup;
			children = (
				5BB2D7A01A03E4CB00D1111E /* Info.plist */,
			);
			name = "Supporting Files";
			sourceTree = "<group>";
		};
		5BB2D7B41A03E4CB00D1111E /* PhotoFilterTests */ = {
			isa = PBXGroup;
			children = (
				5BB2D7B71A03E4CB00D1111E /* PhotoFilterTests.swift */,
				5BB2D7B51A03E4CB00D1111E /* Supporting Files */,
			);
			path = PhotoFilterTests;
			sourceTree = "<group>";
		};
		5BB2D7B51A03E4CB00D1111E /* Supporting Files */ = {
			isa = PBXGroup;
			children = (
				5BB2D7B61A03E4CB00D1111E /* Info.plist */,
			);
			name = "Supporting Files";
			sourceTree = "<group>";
		};
/* End PBXGroup section */

/* Begin PBXNativeTarget section */
		5BB2D79B1A03E4CB00D1111E /* PhotoFilter */ = {
			isa = PBXNativeTarget;
			buildConfigurationList = 5BB2D7BB1A03E4CB00D1111E /* Build configuration list for PBXNativeTarget "PhotoFilter" */;
			buildPhases = (
				5BB2D7981A03E4CB00D1111E /* Sources */,
				5BB2D7991A03E4CB00D1111E /* Frameworks */,
				5BB2D79A1A03E4CB00D1111E /* Resources */,
			);
			buildRules = (
			);
			dependencies = (
			);
			name = PhotoFilter;
			productName = PhotoFilter;
			productReference = 5BB2D79C1A03E4CB00D1111E /* PhotoFilter.app */;
			productType = "com.apple.product-type.application";
		};
		5BB2D7B01A03E4CB00D1111E /* PhotoFilterTests */ = {
			isa = PBXNativeTarget;
			buildConfigurationList = 5BB2D7BE1A03E4CB00D1111E /* Build configuration list for PBXNativeTarget "PhotoFilterTests" */;
			buildPhases = (
				5BB2D7AD1A03E4CB00D1111E /* Sources */,
				5BB2D7AE1A03E4CB00D1111E /* Frameworks */,
				5BB2D7AF1A03E4CB00D1111E /* Resources */,
			);
			buildRules = (
			);
			dependencies = (
				5BB2D7B31A03E4CB00D1111E /* PBXTargetDependency */,
			);
			name = PhotoFilterTests;
			productName = PhotoFilterTests;
			productReference = 5BB2D7B11A03E4CB00D1111E /* PhotoFilterTests.xctest */;
			productType = "com.apple.product-type.bundle.unit-test";
		};
/* End PBXNativeTarget section */

/* Begin PBXProject section */
		5BB2D7941A03E4CB00D1111E /* Project object */ = {
			isa = PBXProject;
			attributes = {
				LastUpgradeCheck = 0600;
				ORGANIZATIONNAME = "Tim Peterson";
				TargetAttributes = {
					5BB2D79B1A03E4CB00D1111E = {
						CreatedOnToolsVersion = 6.0;
					};
					5BB2D7B01A03E4CB00D1111E = {
						CreatedOnToolsVersion = 6.0;
						TestTargetID = 5BB2D79B1A03E4CB00D1111E;
					};
				};
			};
			buildConfigurationList = 5BB2D7971A03E4CB00D1111E /* Build configuration list for PBXProject "PhotoFilter" */;
			compatibilityVersion = "Xcode 3.2";
			developmentRegion = English;
			hasScannedForEncodings = 0;
			knownRegions = (
				en,
				Base,
			);
			mainGroup = 5BB2D7931A03E4CB00D1111E;
			productRefGroup = 5BB2D79D1A03E4CB00D1111E /* Products */;
			projectDirPath = "";
			projectRoot = "";
			targets = (
				5BB2D79B1A03E4CB00D1111E /* PhotoFilter */,
				5BB2D7B01A03E4CB00D1111E /* PhotoFilterTests */,
			);
		};
/* End PBXProject section */

/* Begin PBXResourcesBuildPhase section */
		5BB2D79A1A03E4CB00D1111E /* Resources */ = {
			isa = PBXResourcesBuildPhase;
			buildActionMask = 2147483647;
			files = (
				5BB2D7A71A03E4CB00D1111E /* Main.storyboard in Resources */,
				5BB2D7AC1A03E4CB00D1111E /* LaunchScreen.xib in Resources */,
				5BB2D7A91A03E4CB00D1111E /* Images.xcassets in Resources */,
			);
			runOnlyForDeploymentPostprocessing = 0;
		};
		5BB2D7AF1A03E4CB00D1111E /* Resources */ = {
			isa = PBXResourcesBuildPhase;
			buildActionMask = 2147483647;
			files = (
			);
			runOnlyForDeploymentPostprocessing = 0;
		};
/* End PBXResourcesBuildPhase section */

/* Begin PBXSourcesBuildPhase section */
		5BB2D7981A03E4CB00D1111E /* Sources */ = {
			isa = PBXSourcesBuildPhase;
			buildActionMask = 2147483647;
			files = (
				5BB2D7A41A03E4CB00D1111E /* ViewController.swift in Sources */,
				5BB2D7A21A03E4CB00D1111E /* AppDelegate.swift in Sources */,
			);
			runOnlyForDeploymentPostprocessing = 0;
		};
		5BB2D7AD1A03E4CB00D1111E /* Sources */ = {
			isa = PBXSourcesBuildPhase;
			buildActionMask = 2147483647;
			files = (
				5BB2D7B81A03E4CB00D1111E /* PhotoFilterTests.swift in Sources */,
			);
			runOnlyForDeploymentPostprocessing = 0;
		};
/* End PBXSourcesBuildPhase section */

/* Begin PBXTargetDependency section */
		5BB2D7B31A03E4CB00D1111E /* PBXTargetDependency */ = {
			isa = PBXTargetDependency;
			target = 5BB2D79B1A03E4CB00D1111E /* PhotoFilter */;
			targetProxy = 5BB2D7B21A03E4CB00D1111E /* PBXContainerItemProxy */;
		};
/* End PBXTargetDependency section */

/* Begin PBXVariantGroup section */
		5BB2D7A51A03E4CB00D1111E /* Main.storyboard */ = {
			isa = PBXVariantGroup;
			children = (
				5BB2D7A61A03E4CB00D1111E /* Base */,
			);
			name = Main.storyboard;
			sourceTree = "<group>";
		};
		5BB2D7AA1A03E4CB00D1111E /* LaunchScreen.xib */ = {
			isa = PBXVariantGroup;
			children = (
				5BB2D7AB1A03E4CB00D1111E /* Base */,
			);
			name = LaunchScreen.xib;
			sourceTree = "<group>";
		};
/* End PBXVariantGroup section */

/* Begin XCBuildConfiguration section */
		5BB2D7B91A03E4CB00D1111E /* Debug */ = {
			isa = XCBuildConfiguration;
			buildSettings = {
				ALWAYS_SEARCH_USER_PATHS = NO;
				CLANG_CXX_LANGUAGE_STANDARD = "gnu++0x";
				CLANG_CXX_LIBRARY = "libc++";
				CLANG_ENABLE_MODULES = YES;
				CLANG_ENABLE_OBJC_ARC = YES;
				CLANG_WARN_BOOL_CONVERSION = YES;
				CLANG_WARN_CONSTANT_CONVERSION = YES;
				CLANG_WARN_DIRECT_OBJC_ISA_USAGE = YES_ERROR;
				CLANG_WARN_EMPTY_BODY = YES;
				CLANG_WARN_ENUM_CONVERSION = YES;
				CLANG_WARN_INT_CONVERSION = YES;
				CLANG_WARN_OBJC_ROOT_CLASS = YES_ERROR;
				CLANG_WARN_UNREACHABLE_CODE = YES;
				CLANG_WARN__DUPLICATE_METHOD_MATCH = YES;
				"CODE_SIGN_IDENTITY[sdk=iphoneos*]" = "iPhone Developer";
				COPY_PHASE_STRIP = NO;
				ENABLE_STRICT_OBJC_MSGSEND = YES;
				GCC_C_LANGUAGE_STANDARD = gnu99;
				GCC_DYNAMIC_NO_PIC = NO;
				GCC_OPTIMIZATION_LEVEL = 0;
				GCC_PREPROCESSOR_DEFINITIONS = (
					"DEBUG=1",
					"$(inherited)",
				);
				GCC_SYMBOLS_PRIVATE_EXTERN = NO;
				GCC_WARN_64_TO_32_BIT_CONVERSION = YES;
				GCC_WARN_ABOUT_RETURN_TYPE = YES_ERROR;
				GCC_WARN_UNDECLARED_SELECTOR = YES;
				GCC_WARN_UNINITIALIZED_AUTOS = YES_AGGRESSIVE;
				GCC_WARN_UNUSED_FUNCTION = YES;
				GCC_WARN_UNUSED_VARIABLE = YES;
				IPHONEOS_DEPLOYMENT_TARGET = 8.0;
				MTL_ENABLE_DEBUG_INFO = YES;
				ONLY_ACTIVE_ARCH = YES;
				SDKROOT = iphoneos;
				SWIFT_OPTIMIZATION_LEVEL = "-Onone";
			};
			name = Debug;
		};
		5BB2D7BA1A03E4CB00D1111E /* Release */ = {
			isa = XCBuildConfiguration;
			buildSettings = {
				ALWAYS_SEARCH_USER_PATHS = NO;
				CLANG_CXX_LANGUAGE_STANDARD = "gnu++0x";
				CLANG_CXX_LIBRARY = "libc++";
				CLANG_ENABLE_MODULES = YES;
				CLANG_ENABLE_OBJC_ARC = YES;
				CLANG_WARN_BOOL_CONVERSION = YES;
				CLANG_WARN_CONSTANT_CONVERSION = YES;
				CLANG_WARN_DIRECT_OBJC_ISA_USAGE = YES_ERROR;
				CLANG_WARN_EMPTY_BODY = YES;
				CLANG_WARN_ENUM_CONVERSION = YES;
				CLANG_WARN_INT_CONVERSION = YES;
				CLANG_WARN_OBJC_ROOT_CLASS = YES_ERROR;
				CLANG_WARN_UNREACHABLE_CODE = YES;
				CLANG_WARN__DUPLICATE_METHOD_MATCH = YES;
				"CODE_SIGN_IDENTITY[sdk=iphoneos*]" = "iPhone Developer";
				COPY_PHASE_STRIP = YES;
				ENABLE_NS_ASSERTIONS = NO;
				ENABLE_STRICT_OBJC_MSGSEND = YES;
				GCC_C_LANGUAGE_STANDARD = gnu99;
				GCC_WARN_64_TO_32_BIT_CONVERSION = YES;
				GCC_WARN_ABOUT_RETURN_TYPE = YES_ERROR;
				GCC_WARN_UNDECLARED_SELECTOR = YES;
				GCC_WARN_UNINITIALIZED_AUTOS = YES_AGGRESSIVE;
				GCC_WARN_UNUSED_FUNCTION = YES;
				GCC_WARN_UNUSED_VARIABLE = YES;
				IPHONEOS_DEPLOYMENT_TARGET = 8.0;
				MTL_ENABLE_DEBUG_INFO = NO;
				SDKROOT = iphoneos;
				VALIDATE_PRODUCT = YES;
			};
			name = Release;
		};
		5BB2D7BC1A03E4CB00D1111E /* Debug */ = {
			isa = XCBuildConfiguration;
			buildSettings = {
				ASSETCATALOG_COMPILER_APPICON_NAME = AppIcon;
				INFOPLIST_FILE = PhotoFilter/Info.plist;
				LD_RUNPATH_SEARCH_PATHS = "$(inherited) @executable_path/Frameworks";
				PRODUCT_NAME = "$(TARGET_NAME)";
			};
			name = Debug;
		};
		5BB2D7BD1A03E4CB00D1111E /* Release */ = {
			isa = XCBuildConfiguration;
			buildSettings = {
				ASSETCATALOG_COMPILER_APPICON_NAME = AppIcon;
				INFOPLIST_FILE = PhotoFilter/Info.plist;
				LD_RUNPATH_SEARCH_PATHS = "$(inherited) @executable_path/Frameworks";
				PRODUCT_NAME = "$(TARGET_NAME)";
			};
			name = Release;
		};
		5BB2D7BF1A03E4CB00D1111E /* Debug */ = {
			isa = XCBuildConfiguration;
			buildSettings = {
				BUNDLE_LOADER = "$(TEST_HOST)";
				FRAMEWORK_SEARCH_PATHS = (
					"$(SDKROOT)/Developer/Library/Frameworks",
					"$(inherited)",
				);
				GCC_PREPROCESSOR_DEFINITIONS = (
					"DEBUG=1",
					"$(inherited)",
				);
				INFOPLIST_FILE = PhotoFilterTests/Info.plist;
				LD_RUNPATH_SEARCH_PATHS = "$(inherited) @executable_path/Frameworks @loader_path/Frameworks";
				PRODUCT_NAME = "$(TARGET_NAME)";
				TEST_HOST = "$(BUILT_PRODUCTS_DIR)/PhotoFilter.app/PhotoFilter";
			};
			name = Debug;
		};
		5BB2D7C01A03E4CB00D1111E /* Release */ = {
			isa = XCBuildConfiguration;
			buildSettings = {
				BUNDLE_LOADER = "$(TEST_HOST)";
				FRAMEWORK_SEARCH_PATHS = (
					"$(SDKROOT)/Developer/Library/Frameworks",
					"$(inherited)",
				);
				INFOPLIST_FILE = PhotoFilterTests/Info.plist;
				LD_RUNPATH_SEARCH_PATHS = "$(inherited) @executable_path/Frameworks @loader_path/Frameworks";
				PRODUCT_NAME = "$(TARGET_NAME)";
				TEST_HOST = "$(BUILT_PRODUCTS_DIR)/PhotoFilter.app/PhotoFilter";
			};
			name = Release;
		};
/* End XCBuildConfiguration section */

/* Begin XCConfigurationList section */
		5BB2D7971A03E4CB00D1111E /* Build configuration list for PBXProject "PhotoFilter" */ = {
			isa = XCConfigurationList;
			buildConfigurations = (
				5BB2D7B91A03E4CB00D1111E /* Debug */,
				5BB2D7BA1A03E4CB00D1111E /* Release */,
			);
			defaultConfigurationIsVisible = 0;
			defaultConfigurationName = Release;
		};
		5BB2D7BB1A03E4CB00D1111E /* Build configuration list for PBXNativeTarget "PhotoFilter" */ = {
			isa = XCConfigurationList;
			buildConfigurations = (
				5BB2D7BC1A03E4CB00D1111E /* Debug */,
				5BB2D7BD1A03E4CB00D1111E /* Release */,
			);
			defaultConfigurationIsVisible = 0;
		};
		5BB2D7BE1A03E4CB00D1111E /* Build configuration list for PBXNativeTarget "PhotoFilterTests" */ = {
			isa = XCConfigurationList;
			buildConfigurations = (
				5BB2D7BF1A03E4CB00D1111E /* Debug */,
				5BB2D7C01A03E4CB00D1111E /* Release */,
			);
			defaultConfigurationIsVisible = 0;
		};
/* End XCConfigurationList section */
	};
	rootObject = 5BB2D7941A03E4CB00D1111E /* Project object */;
}
